lockfileVersion: 5.4

neverBuiltDependencies:
  - core-js

importers:

  .:
    specifiers:
      '@babel/runtime': 7.20.0
      '@types/jest': 26.0.20
      '@types/node': 12.20.4
      '@types/react': ^17.0.8
      '@types/react-dom': ^17.0.5
      '@types/testing-library__jest-dom': 5.9.5
      classnames: ^2.3.2
      core-js: ^3.0.0
      d3: ^7.8.2
      react: 17.0.2
      react-dom: ^16.8.0 || ^17.0.0
    dependencies:
      classnames: registry.npmjs.org/classnames/2.3.2
      core-js: registry.npmjs.org/core-js/3.29.0
      d3: registry.npmjs.org/d3/7.8.2
      react-dom: registry.npmjs.org/react-dom/17.0.2_react@17.0.2
    devDependencies:
      '@babel/runtime': registry.npmjs.org/@babel/runtime/7.20.0
      '@types/jest': registry.npmjs.org/@types/jest/26.0.20
      '@types/node': registry.npmjs.org/@types/node/12.20.4
      '@types/react': registry.npmjs.org/@types/react/17.0.53
      '@types/react-dom': registry.npmjs.org/@types/react-dom/17.0.19
      '@types/testing-library__jest-dom': registry.npmjs.org/@types/testing-library__jest-dom/5.9.5
      react: registry.npmjs.org/react/17.0.2

  packages/ui/greetings:
    specifiers: {}

  packages/ui/react-1:
    specifiers: {}

  ui/candle-demo:
    specifiers: {}

  ui/react-3:
    specifiers: {}

  ui/ui/react-2:
    specifiers: {}

packages:

  registry.npmjs.org/@babel/runtime/7.20.0:
    resolution: {integrity: sha512-NDYdls71fTXoU8TZHfbBWg7DiZfNzClcKui/+kyi6ppD2L1qnWW3VV6CjtaBXSUGGhiTWJ6ereOIkUvenif66Q==, registry: https://node.bit.dev/, tarball: https://registry.npmjs.org/@babel/runtime/-/runtime-7.20.0.tgz}
    name: '@babel/runtime'
    version: 7.20.0
    engines: {node: '>=6.9.0'}
    dependencies:
      regenerator-runtime: registry.npmjs.org/regenerator-runtime/0.13.11
    dev: true

  registry.npmjs.org/@jest/types/26.6.2:
    resolution: {integrity: sha512-fC6QCp7Sc5sX6g8Tvbmj4XUTbyrik0akgRy03yjXbQaBWWNWGE7SGtJk98m0N8nzegD/7SggrUlivxo5ax4KWQ==, registry: https://node.bit.dev/, tarball: https://registry.npmjs.org/@jest/types/-/types-26.6.2.tgz}
    name: '@jest/types'
    version: 26.6.2
    engines: {node: '>= 10.14.2'}
    dependencies:
      '@types/istanbul-lib-coverage': registry.npmjs.org/@types/istanbul-lib-coverage/2.0.4
      '@types/istanbul-reports': registry.npmjs.org/@types/istanbul-reports/3.0.1
      '@types/node': registry.npmjs.org/@types/node/12.20.4
      '@types/yargs': registry.npmjs.org/@types/yargs/15.0.15
      chalk: registry.npmjs.org/chalk/4.1.2
    dev: true

  registry.npmjs.org/@types/istanbul-lib-coverage/2.0.4:
    resolution: {integrity: sha512-z/QT1XN4K4KYuslS23k62yDIDLwLFkzxOuMplDtObz0+y7VqJCaO2o+SPwHCvLFZh7xazvvoor2tA/hPz9ee7g==, registry: https://node.bit.dev/, tarball: https://registry.npmjs.org/@types/istanbul-lib-coverage/-/istanbul-lib-coverage-2.0.4.tgz}
    name: '@types/istanbul-lib-coverage'
    version: 2.0.4
    dev: true

  registry.npmjs.org/@types/istanbul-lib-report/3.0.0:
    resolution: {integrity: sha512-plGgXAPfVKFoYfa9NpYDAkseG+g6Jr294RqeqcqDixSbU34MZVJRi/P+7Y8GDpzkEwLaGZZOpKIEmeVZNtKsrg==, registry: https://node.bit.dev/, tarball: https://registry.npmjs.org/@types/istanbul-lib-report/-/istanbul-lib-report-3.0.0.tgz}
    name: '@types/istanbul-lib-report'
    version: 3.0.0
    dependencies:
      '@types/istanbul-lib-coverage': registry.npmjs.org/@types/istanbul-lib-coverage/2.0.4
    dev: true

  registry.npmjs.org/@types/istanbul-reports/3.0.1:
    resolution: {integrity: sha512-c3mAZEuK0lvBp8tmuL74XRKn1+y2dcwOUpH7x4WrF6gk1GIgiluDRgMYQtw2OFcBvAJWlt6ASU3tSqxp0Uu0Aw==, registry: https://node.bit.dev/, tarball: https://registry.npmjs.org/@types/istanbul-reports/-/istanbul-reports-3.0.1.tgz}
    name: '@types/istanbul-reports'
    version: 3.0.1
    dependencies:
      '@types/istanbul-lib-report': registry.npmjs.org/@types/istanbul-lib-report/3.0.0
    dev: true

  registry.npmjs.org/@types/jest/26.0.20:
    resolution: {integrity: sha512-9zi2Y+5USJRxd0FsahERhBwlcvFh6D2GLQnY2FH2BzK8J9s9omvNHIbvABwIluXa0fD8XVKMLTO0aOEuUfACAA==, registry: https://node.bit.dev/, tarball: https://registry.npmjs.org/@types/jest/-/jest-26.0.20.tgz}
    name: '@types/jest'
    version: 26.0.20
    dependencies:
      jest-diff: registry.npmjs.org/jest-diff/26.6.2
      pretty-format: registry.npmjs.org/pretty-format/26.6.2
    dev: true

  registry.npmjs.org/@types/node/12.20.4:
    resolution: {integrity: sha512-xRCgeE0Q4pT5UZ189TJ3SpYuX/QGl6QIAOAIeDSbAVAd2gX1NxSZup4jNVK7cxIeP8KDSbJgcckun495isP1jQ==, registry: https://node.bit.dev/, tarball: https://registry.npmjs.org/@types/node/-/node-12.20.4.tgz}
    name: '@types/node'
    version: 12.20.4
    dev: true

  registry.npmjs.org/@types/prop-types/15.7.5:
    resolution: {integrity: sha512-JCB8C6SnDoQf0cNycqd/35A7MjcnK+ZTqE7judS6o7utxUCg6imJg3QK2qzHKszlTjcj2cn+NwMB2i96ubpj7w==, registry: https://node.bit.dev/, tarball: https://registry.npmjs.org/@types/prop-types/-/prop-types-15.7.5.tgz}
    name: '@types/prop-types'
    version: 15.7.5
    dev: true

  registry.npmjs.org/@types/react-dom/17.0.19:
    resolution: {integrity: sha512-PiYG40pnQRdPHnlf7tZnp0aQ6q9tspYr72vD61saO6zFCybLfMqwUCN0va1/P+86DXn18ZWeW30Bk7xlC5eEAQ==, registry: https://node.bit.dev/, tarball: https://registry.npmjs.org/@types/react-dom/-/react-dom-17.0.19.tgz}
    name: '@types/react-dom'
    version: 17.0.19
    dependencies:
      '@types/react': registry.npmjs.org/@types/react/17.0.53
    dev: true

  registry.npmjs.org/@types/react/17.0.53:
    resolution: {integrity: sha512-1yIpQR2zdYu1Z/dc1OxC+MA6GR240u3gcnP4l6mvj/PJiVaqHsQPmWttsvHsfnhfPbU2FuGmo0wSITPygjBmsw==, registry: https://node.bit.dev/, tarball: https://registry.npmjs.org/@types/react/-/react-17.0.53.tgz}
    name: '@types/react'
    version: 17.0.53
    dependencies:
      '@types/prop-types': registry.npmjs.org/@types/prop-types/15.7.5
      '@types/scheduler': registry.npmjs.org/@types/scheduler/0.16.2
      csstype: registry.npmjs.org/csstype/3.1.1
    dev: true

  registry.npmjs.org/@types/scheduler/0.16.2:
    resolution: {integrity: sha512-hppQEBDmlwhFAXKJX2KnWLYu5yMfi91yazPb2l+lbJiwW+wdo1gNeRA+3RgNSO39WYX2euey41KEwnqesU2Jew==, registry: https://node.bit.dev/, tarball: https://registry.npmjs.org/@types/scheduler/-/scheduler-0.16.2.tgz}
    name: '@types/scheduler'
    version: 0.16.2
    dev: true

  registry.npmjs.org/@types/testing-library__jest-dom/5.9.5:
    resolution: {integrity: sha512-ggn3ws+yRbOHog9GxnXiEZ/35Mow6YtPZpd7Z5mKDeZS/o7zx3yAle0ov/wjhVB5QT4N2Dt+GNoGCdqkBGCajQ==, registry: https://node.bit.dev/, tarball: https://registry.npmjs.org/@types/testing-library__jest-dom/-/testing-library__jest-dom-5.9.5.tgz}
    name: '@types/testing-library__jest-dom'
    version: 5.9.5
    dependencies:
      '@types/jest': registry.npmjs.org/@types/jest/26.0.20
    dev: true

  registry.npmjs.org/@types/yargs-parser/21.0.0:
    resolution: {integrity: sha512-iO9ZQHkZxHn4mSakYV0vFHAVDyEOIJQrV2uZ06HxEPcx+mt8swXoZHIbaaJ2crJYFfErySgktuTZ3BeLz+XmFA==, registry: https://node.bit.dev/, tarball: https://registry.npmjs.org/@types/yargs-parser/-/yargs-parser-21.0.0.tgz}
    name: '@types/yargs-parser'
    version: 21.0.0
    dev: true

  registry.npmjs.org/@types/yargs/15.0.15:
    resolution: {integrity: sha512-IziEYMU9XoVj8hWg7k+UJrXALkGFjWJhn5QFEv9q4p+v40oZhSuC135M38st8XPjICL7Ey4TV64ferBGUoJhBg==, registry: https://node.bit.dev/, tarball: https://registry.npmjs.org/@types/yargs/-/yargs-15.0.15.tgz}
    name: '@types/yargs'
    version: 15.0.15
    dependencies:
      '@types/yargs-parser': registry.npmjs.org/@types/yargs-parser/21.0.0
    dev: true

  registry.npmjs.org/ansi-regex/5.0.1:
    resolution: {integrity: sha512-quJQXlTSUGL2LH9SUXo8VwsY4soanhgo6LNSm84E1LBcE8s3O0wpdiRzyR9z/ZZJMlMWv37qOOb9pdJlMUEKFQ==, registry: https://node.bit.dev/, tarball: https://registry.npmjs.org/ansi-regex/-/ansi-regex-5.0.1.tgz}
    name: ansi-regex
    version: 5.0.1
    engines: {node: '>=8'}
    dev: true

  registry.npmjs.org/ansi-styles/4.3.0:
    resolution: {integrity: sha512-zbB9rCJAT1rbjiVDb2hqKFHNYLxgtk8NURxZ3IZwD3F6NtxbXZQCnnSi1Lkx+IDohdPlFp222wVALIheZJQSEg==, registry: https://node.bit.dev/, tarball: https://registry.npmjs.org/ansi-styles/-/ansi-styles-4.3.0.tgz}
    name: ansi-styles
    version: 4.3.0
    engines: {node: '>=8'}
    dependencies:
      color-convert: registry.npmjs.org/color-convert/2.0.1
    dev: true

  registry.npmjs.org/chalk/4.1.2:
    resolution: {integrity: sha512-oKnbhFyRIXpUuez8iBMmyEa4nbj4IOQyuhc/wy9kY7/WVPcwIO9VA668Pu8RkO7+0G76SLROeyw9CpQ061i4mA==, registry: https://node.bit.dev/, tarball: https://registry.npmjs.org/chalk/-/chalk-4.1.2.tgz}
    name: chalk
    version: 4.1.2
    engines: {node: '>=10'}
    dependencies:
      ansi-styles: registry.npmjs.org/ansi-styles/4.3.0
      supports-color: registry.npmjs.org/supports-color/7.2.0
    dev: true

  registry.npmjs.org/classnames/2.3.2:
    resolution: {integrity: sha512-CSbhY4cFEJRe6/GQzIk5qXZ4Jeg5pcsP7b5peFSDpffpe1cqjASH/n9UTjBwOp6XpMSTwQ8Za2K5V02ueA7Tmw==, registry: https://node.bit.dev/, tarball: https://registry.npmjs.org/classnames/-/classnames-2.3.2.tgz}
    name: classnames
    version: 2.3.2
    dev: false

  registry.npmjs.org/color-convert/2.0.1:
    resolution: {integrity: sha512-RRECPsj7iu/xb5oKYcsFHSppFNnsj/52OVTRKb4zP5onXwVF3zVmmToNcOfGC+CRDpfK/U584fMg38ZHCaElKQ==, registry: https://node.bit.dev/, tarball: https://registry.npmjs.org/color-convert/-/color-convert-2.0.1.tgz}
    name: color-convert
    version: 2.0.1
    engines: {node: '>=7.0.0'}
    dependencies:
      color-name: registry.npmjs.org/color-name/1.1.4
    dev: true

  registry.npmjs.org/color-name/1.1.4:
    resolution: {integrity: sha512-dOy+3AuW3a2wNbZHIuMZpTcgjGuLU/uBL/ubcZF9OXbDo8ff4O8yVp5Bf0efS8uEoYo5q4Fx7dY9OgQGXgAsQA==, registry: https://node.bit.dev/, tarball: https://registry.npmjs.org/color-name/-/color-name-1.1.4.tgz}
    name: color-name
    version: 1.1.4
    dev: true

  registry.npmjs.org/commander/7.2.0:
    resolution: {integrity: sha512-QrWXB+ZQSVPmIWIhtEO9H+gwHaMGYiF5ChvoJ+K9ZGHG/sVsa6yiesAD1GC/x46sET00Xlwo1u49RVVVzvcSkw==, registry: https://node.bit.dev/, tarball: https://registry.npmjs.org/commander/-/commander-7.2.0.tgz}
    name: commander
    version: 7.2.0
    engines: {node: '>= 10'}
    dev: false

  registry.npmjs.org/core-js/3.29.0:
    resolution: {integrity: sha512-VG23vuEisJNkGl6XQmFJd3rEG/so/CNatqeE+7uZAwTSwFeB/qaO0be8xZYUNWprJ/GIwL8aMt9cj1kvbpTZhg==, registry: https://node.bit.dev/, tarball: https://registry.npmjs.org/core-js/-/core-js-3.29.0.tgz}
    name: core-js
    version: 3.29.0
    dev: false

  registry.npmjs.org/csstype/3.1.1:
    resolution: {integrity: sha512-DJR/VvkAvSZW9bTouZue2sSxDwdTN92uHjqeKVm+0dAqdfNykRzQ95tay8aXMBAAPpUiq4Qcug2L7neoRh2Egw==, registry: https://node.bit.dev/, tarball: https://registry.npmjs.org/csstype/-/csstype-3.1.1.tgz}
    name: csstype
    version: 3.1.1
    dev: true

  registry.npmjs.org/d3-array/3.2.2:
    resolution: {integrity: sha512-yEEyEAbDrF8C6Ob2myOBLjwBLck1Z89jMGFee0oPsn95GqjerpaOA4ch+vc2l0FNFFwMD5N7OCSEN5eAlsUbgQ==, registry: https://node.bit.dev/, tarball: https://registry.npmjs.org/d3-array/-/d3-array-3.2.2.tgz}
    name: d3-array
    version: 3.2.2
    engines: {node: '>=12'}
    dependencies:
      internmap: registry.npmjs.org/internmap/2.0.3
    dev: false

  registry.npmjs.org/d3-axis/3.0.0:
    resolution: {integrity: sha512-IH5tgjV4jE/GhHkRV0HiVYPDtvfjHQlQfJHs0usq7M30XcSBvOotpmH1IgkcXsO/5gEQZD43B//fc7SRT5S+xw==, registry: https://node.bit.dev/, tarball: https://registry.npmjs.org/d3-axis/-/d3-axis-3.0.0.tgz}
    name: d3-axis
    version: 3.0.0
    engines: {node: '>=12'}
    dev: false

  registry.npmjs.org/d3-brush/3.0.0:
    resolution: {integrity: sha512-ALnjWlVYkXsVIGlOsuWH1+3udkYFI48Ljihfnh8FZPF2QS9o+PzGLBslO0PjzVoHLZ2KCVgAM8NVkXPJB2aNnQ==, registry: https://node.bit.dev/, tarball: https://registry.npmjs.org/d3-brush/-/d3-brush-3.0.0.tgz}
    name: d3-brush
    version: 3.0.0
    engines: {node: '>=12'}
    dependencies:
      d3-dispatch: registry.npmjs.org/d3-dispatch/3.0.1
      d3-drag: registry.npmjs.org/d3-drag/3.0.0
      d3-interpolate: registry.npmjs.org/d3-interpolate/3.0.1
      d3-selection: registry.npmjs.org/d3-selection/3.0.0
      d3-transition: registry.npmjs.org/d3-transition/3.0.1_d3-selection@3.0.0
    dev: false

  registry.npmjs.org/d3-chord/3.0.1:
    resolution: {integrity: sha512-VE5S6TNa+j8msksl7HwjxMHDM2yNK3XCkusIlpX5kwauBfXuyLAtNg9jCp/iHH61tgI4sb6R/EIMWCqEIdjT/g==, registry: https://node.bit.dev/, tarball: https://registry.npmjs.org/d3-chord/-/d3-chord-3.0.1.tgz}
    name: d3-chord
    version: 3.0.1
    engines: {node: '>=12'}
    dependencies:
      d3-path: registry.npmjs.org/d3-path/3.1.0
    dev: false

  registry.npmjs.org/d3-color/3.1.0:
    resolution: {integrity: sha512-zg/chbXyeBtMQ1LbD/WSoW2DpC3I0mpmPdW+ynRTj/x2DAWYrIY7qeZIHidozwV24m4iavr15lNwIwLxRmOxhA==, registry: https://node.bit.dev/, tarball: https://registry.npmjs.org/d3-color/-/d3-color-3.1.0.tgz}
    name: d3-color
    version: 3.1.0
    engines: {node: '>=12'}
    dev: false

  registry.npmjs.org/d3-contour/4.0.2:
    resolution: {integrity: sha512-4EzFTRIikzs47RGmdxbeUvLWtGedDUNkTcmzoeyg4sP/dvCexO47AaQL7VKy/gul85TOxw+IBgA8US2xwbToNA==, registry: https://node.bit.dev/, tarball: https://registry.npmjs.org/d3-contour/-/d3-contour-4.0.2.tgz}
    name: d3-contour
    version: 4.0.2
    engines: {node: '>=12'}
    dependencies:
      d3-array: registry.npmjs.org/d3-array/3.2.2
    dev: false

  registry.npmjs.org/d3-delaunay/6.0.2:
    resolution: {integrity: sha512-IMLNldruDQScrcfT+MWnazhHbDJhcRJyOEBAJfwQnHle1RPh6WDuLvxNArUju2VSMSUuKlY5BGHRJ2cYyoFLQQ==, registry: https://node.bit.dev/, tarball: https://registry.npmjs.org/d3-delaunay/-/d3-delaunay-6.0.2.tgz}
    name: d3-delaunay
    version: 6.0.2
    engines: {node: '>=12'}
    dependencies:
      delaunator: registry.npmjs.org/delaunator/5.0.0
    dev: false

  registry.npmjs.org/d3-dispatch/3.0.1:
    resolution: {integrity: sha512-rzUyPU/S7rwUflMyLc1ETDeBj0NRuHKKAcvukozwhshr6g6c5d8zh4c2gQjY2bZ0dXeGLWc1PF174P2tVvKhfg==, registry: https://node.bit.dev/, tarball: https://registry.npmjs.org/d3-dispatch/-/d3-dispatch-3.0.1.tgz}
    name: d3-dispatch
    version: 3.0.1
    engines: {node: '>=12'}
    dev: false

  registry.npmjs.org/d3-drag/3.0.0:
    resolution: {integrity: sha512-pWbUJLdETVA8lQNJecMxoXfH6x+mO2UQo8rSmZ+QqxcbyA3hfeprFgIT//HW2nlHChWeIIMwS2Fq+gEARkhTkg==, registry: https://node.bit.dev/, tarball: https://registry.npmjs.org/d3-drag/-/d3-drag-3.0.0.tgz}
    name: d3-drag
    version: 3.0.0
    engines: {node: '>=12'}
    dependencies:
      d3-dispatch: registry.npmjs.org/d3-dispatch/3.0.1
      d3-selection: registry.npmjs.org/d3-selection/3.0.0
    dev: false

  registry.npmjs.org/d3-dsv/3.0.1:
    resolution: {integrity: sha512-UG6OvdI5afDIFP9w4G0mNq50dSOsXHJaRE8arAS5o9ApWnIElp8GZw1Dun8vP8OyHOZ/QJUKUJwxiiCCnUwm+Q==, registry: https://node.bit.dev/, tarball: https://registry.npmjs.org/d3-dsv/-/d3-dsv-3.0.1.tgz}
    name: d3-dsv
    version: 3.0.1
    engines: {node: '>=12'}
    hasBin: true
    dependencies:
      commander: registry.npmjs.org/commander/7.2.0
      iconv-lite: registry.npmjs.org/iconv-lite/0.6.3
      rw: registry.npmjs.org/rw/1.3.3
    dev: false

  registry.npmjs.org/d3-ease/3.0.1:
    resolution: {integrity: sha512-wR/XK3D3XcLIZwpbvQwQ5fK+8Ykds1ip7A2Txe0yxncXSdq1L9skcG7blcedkOX+ZcgxGAmLX1FrRGbADwzi0w==, registry: https://node.bit.dev/, tarball: https://registry.npmjs.org/d3-ease/-/d3-ease-3.0.1.tgz}
    name: d3-ease
    version: 3.0.1
    engines: {node: '>=12'}
    dev: false

  registry.npmjs.org/d3-fetch/3.0.1:
    resolution: {integrity: sha512-kpkQIM20n3oLVBKGg6oHrUchHM3xODkTzjMoj7aWQFq5QEM+R6E4WkzT5+tojDY7yjez8KgCBRoj4aEr99Fdqw==, registry: https://node.bit.dev/, tarball: https://registry.npmjs.org/d3-fetch/-/d3-fetch-3.0.1.tgz}
    name: d3-fetch
    version: 3.0.1
    engines: {node: '>=12'}
    dependencies:
      d3-dsv: registry.npmjs.org/d3-dsv/3.0.1
    dev: false

  registry.npmjs.org/d3-force/3.0.0:
    resolution: {integrity: sha512-zxV/SsA+U4yte8051P4ECydjD/S+qeYtnaIyAs9tgHCqfguma/aAQDjo85A9Z6EKhBirHRJHXIgJUlffT4wdLg==, registry: https://node.bit.dev/, tarball: https://registry.npmjs.org/d3-force/-/d3-force-3.0.0.tgz}
    name: d3-force
    version: 3.0.0
    engines: {node: '>=12'}
    dependencies:
      d3-dispatch: registry.npmjs.org/d3-dispatch/3.0.1
      d3-quadtree: registry.npmjs.org/d3-quadtree/3.0.1
      d3-timer: registry.npmjs.org/d3-timer/3.0.1
    dev: false

  registry.npmjs.org/d3-format/3.1.0:
    resolution: {integrity: sha512-YyUI6AEuY/Wpt8KWLgZHsIU86atmikuoOmCfommt0LYHiQSPjvX2AcFc38PX0CBpr2RCyZhjex+NS/LPOv6YqA==, registry: https://node.bit.dev/, tarball: https://registry.npmjs.org/d3-format/-/d3-format-3.1.0.tgz}
    name: d3-format
    version: 3.1.0
    engines: {node: '>=12'}
    dev: false

  registry.npmjs.org/d3-geo/3.1.0:
    resolution: {integrity: sha512-JEo5HxXDdDYXCaWdwLRt79y7giK8SbhZJbFWXqbRTolCHFI5jRqteLzCsq51NKbUoX0PjBVSohxrx+NoOUujYA==, registry: https://node.bit.dev/, tarball: https://registry.npmjs.org/d3-geo/-/d3-geo-3.1.0.tgz}
    name: d3-geo
    version: 3.1.0
    engines: {node: '>=12'}
    dependencies:
      d3-array: registry.npmjs.org/d3-array/3.2.2
    dev: false

  registry.npmjs.org/d3-hierarchy/3.1.2:
    resolution: {integrity: sha512-FX/9frcub54beBdugHjDCdikxThEqjnR93Qt7PvQTOHxyiNCAlvMrHhclk3cD5VeAaq9fxmfRp+CnWw9rEMBuA==, registry: https://node.bit.dev/, tarball: https://registry.npmjs.org/d3-hierarchy/-/d3-hierarchy-3.1.2.tgz}
    name: d3-hierarchy
    version: 3.1.2
    engines: {node: '>=12'}
    dev: false

  registry.npmjs.org/d3-interpolate/3.0.1:
    resolution: {integrity: sha512-3bYs1rOD33uo8aqJfKP3JWPAibgw8Zm2+L9vBKEHJ2Rg+viTR7o5Mmv5mZcieN+FRYaAOWX5SJATX6k1PWz72g==, registry: https://node.bit.dev/, tarball: https://registry.npmjs.org/d3-interpolate/-/d3-interpolate-3.0.1.tgz}
    name: d3-interpolate
    version: 3.0.1
    engines: {node: '>=12'}
    dependencies:
      d3-color: registry.npmjs.org/d3-color/3.1.0
    dev: false

  registry.npmjs.org/d3-path/3.1.0:
    resolution: {integrity: sha512-p3KP5HCf/bvjBSSKuXid6Zqijx7wIfNW+J/maPs+iwR35at5JCbLUT0LzF1cnjbCHWhqzQTIN2Jpe8pRebIEFQ==, registry: https://node.bit.dev/, tarball: https://registry.npmjs.org/d3-path/-/d3-path-3.1.0.tgz}
    name: d3-path
    version: 3.1.0
    engines: {node: '>=12'}
    dev: false

  registry.npmjs.org/d3-polygon/3.0.1:
    resolution: {integrity: sha512-3vbA7vXYwfe1SYhED++fPUQlWSYTTGmFmQiany/gdbiWgU/iEyQzyymwL9SkJjFFuCS4902BSzewVGsHHmHtXg==, registry: https://node.bit.dev/, tarball: https://registry.npmjs.org/d3-polygon/-/d3-polygon-3.0.1.tgz}
    name: d3-polygon
    version: 3.0.1
    engines: {node: '>=12'}
    dev: false

  registry.npmjs.org/d3-quadtree/3.0.1:
    resolution: {integrity: sha512-04xDrxQTDTCFwP5H6hRhsRcb9xxv2RzkcsygFzmkSIOJy3PeRJP7sNk3VRIbKXcog561P9oU0/rVH6vDROAgUw==, registry: https://node.bit.dev/, tarball: https://registry.npmjs.org/d3-quadtree/-/d3-quadtree-3.0.1.tgz}
    name: d3-quadtree
    version: 3.0.1
    engines: {node: '>=12'}
    dev: false

  registry.npmjs.org/d3-random/3.0.1:
    resolution: {integrity: sha512-FXMe9GfxTxqd5D6jFsQ+DJ8BJS4E/fT5mqqdjovykEB2oFbTMDVdg1MGFxfQW+FBOGoB++k8swBrgwSHT1cUXQ==, registry: https://node.bit.dev/, tarball: https://registry.npmjs.org/d3-random/-/d3-random-3.0.1.tgz}
    name: d3-random
    version: 3.0.1
    engines: {node: '>=12'}
    dev: false

  registry.npmjs.org/d3-scale-chromatic/3.0.0:
    resolution: {integrity: sha512-Lx9thtxAKrO2Pq6OO2Ua474opeziKr279P/TKZsMAhYyNDD3EnCffdbgeSYN5O7m2ByQsxtuP2CSDczNUIZ22g==, registry: https://node.bit.dev/, tarball: https://registry.npmjs.org/d3-scale-chromatic/-/d3-scale-chromatic-3.0.0.tgz}
    name: d3-scale-chromatic
    version: 3.0.0
    engines: {node: '>=12'}
    dependencies:
      d3-color: registry.npmjs.org/d3-color/3.1.0
      d3-interpolate: registry.npmjs.org/d3-interpolate/3.0.1
    dev: false

  registry.npmjs.org/d3-scale/4.0.2:
    resolution: {integrity: sha512-GZW464g1SH7ag3Y7hXjf8RoUuAFIqklOAq3MRl4OaWabTFJY9PN/E1YklhXLh+OQ3fM9yS2nOkCoS+WLZ6kvxQ==, registry: https://node.bit.dev/, tarball: https://registry.npmjs.org/d3-scale/-/d3-scale-4.0.2.tgz}
    name: d3-scale
    version: 4.0.2
    engines: {node: '>=12'}
    dependencies:
      d3-array: registry.npmjs.org/d3-array/3.2.2
      d3-format: registry.npmjs.org/d3-format/3.1.0
      d3-interpolate: registry.npmjs.org/d3-interpolate/3.0.1
      d3-time: registry.npmjs.org/d3-time/3.1.0
      d3-time-format: registry.npmjs.org/d3-time-format/4.1.0
    dev: false

  registry.npmjs.org/d3-selection/3.0.0:
    resolution: {integrity: sha512-fmTRWbNMmsmWq6xJV8D19U/gw/bwrHfNXxrIN+HfZgnzqTHp9jOmKMhsTUjXOJnZOdZY9Q28y4yebKzqDKlxlQ==, registry: https://node.bit.dev/, tarball: https://registry.npmjs.org/d3-selection/-/d3-selection-3.0.0.tgz}
    name: d3-selection
    version: 3.0.0
    engines: {node: '>=12'}
    dev: false

  registry.npmjs.org/d3-shape/3.2.0:
    resolution: {integrity: sha512-SaLBuwGm3MOViRq2ABk3eLoxwZELpH6zhl3FbAoJ7Vm1gofKx6El1Ib5z23NUEhF9AsGl7y+dzLe5Cw2AArGTA==, registry: https://node.bit.dev/, tarball: https://registry.npmjs.org/d3-shape/-/d3-shape-3.2.0.tgz}
    name: d3-shape
    version: 3.2.0
    engines: {node: '>=12'}
    dependencies:
      d3-path: registry.npmjs.org/d3-path/3.1.0
    dev: false

  registry.npmjs.org/d3-time-format/4.1.0:
    resolution: {integrity: sha512-dJxPBlzC7NugB2PDLwo9Q8JiTR3M3e4/XANkreKSUxF8vvXKqm1Yfq4Q5dl8budlunRVlUUaDUgFt7eA8D6NLg==, registry: https://node.bit.dev/, tarball: https://registry.npmjs.org/d3-time-format/-/d3-time-format-4.1.0.tgz}
    name: d3-time-format
    version: 4.1.0
    engines: {node: '>=12'}
    dependencies:
      d3-time: registry.npmjs.org/d3-time/3.1.0
    dev: false

  registry.npmjs.org/d3-time/3.1.0:
    resolution: {integrity: sha512-VqKjzBLejbSMT4IgbmVgDjpkYrNWUYJnbCGo874u7MMKIWsILRX+OpX/gTk8MqjpT1A/c6HY2dCA77ZN0lkQ2Q==, registry: https://node.bit.dev/, tarball: https://registry.npmjs.org/d3-time/-/d3-time-3.1.0.tgz}
    name: d3-time
    version: 3.1.0
    engines: {node: '>=12'}
    dependencies:
      d3-array: registry.npmjs.org/d3-array/3.2.2
    dev: false

  registry.npmjs.org/d3-timer/3.0.1:
    resolution: {integrity: sha512-ndfJ/JxxMd3nw31uyKoY2naivF+r29V+Lc0svZxe1JvvIRmi8hUsrMvdOwgS1o6uBHmiz91geQ0ylPP0aj1VUA==, registry: https://node.bit.dev/, tarball: https://registry.npmjs.org/d3-timer/-/d3-timer-3.0.1.tgz}
    name: d3-timer
    version: 3.0.1
    engines: {node: '>=12'}
    dev: false

  registry.npmjs.org/d3-transition/3.0.1_d3-selection@3.0.0:
    resolution: {integrity: sha512-ApKvfjsSR6tg06xrL434C0WydLr7JewBB3V+/39RMHsaXTOG0zmt/OAXeng5M5LBm0ojmxJrpomQVZ1aPvBL4w==, registry: https://node.bit.dev/, tarball: https://registry.npmjs.org/d3-transition/-/d3-transition-3.0.1.tgz}
    id: registry.npmjs.org/d3-transition/3.0.1
    name: d3-transition
    version: 3.0.1
    engines: {node: '>=12'}
    peerDependencies:
      d3-selection: '*'
    peerDependenciesMeta:
      d3-selection:
        optional: true
    dependencies:
      d3-color: registry.npmjs.org/d3-color/3.1.0
      d3-dispatch: registry.npmjs.org/d3-dispatch/3.0.1
      d3-ease: registry.npmjs.org/d3-ease/3.0.1
      d3-interpolate: registry.npmjs.org/d3-interpolate/3.0.1
      d3-selection: registry.npmjs.org/d3-selection/3.0.0
      d3-timer: registry.npmjs.org/d3-timer/3.0.1
    dev: false

  registry.npmjs.org/d3-zoom/3.0.0:
    resolution: {integrity: sha512-b8AmV3kfQaqWAuacbPuNbL6vahnOJflOhexLzMMNLga62+/nh0JzvJ0aO/5a5MVgUFGS7Hu1P9P03o3fJkDCyw==, registry: https://node.bit.dev/, tarball: https://registry.npmjs.org/d3-zoom/-/d3-zoom-3.0.0.tgz}
    name: d3-zoom
    version: 3.0.0
    engines: {node: '>=12'}
    dependencies:
      d3-dispatch: registry.npmjs.org/d3-dispatch/3.0.1
      d3-drag: registry.npmjs.org/d3-drag/3.0.0
      d3-interpolate: registry.npmjs.org/d3-interpolate/3.0.1
      d3-selection: registry.npmjs.org/d3-selection/3.0.0
      d3-transition: registry.npmjs.org/d3-transition/3.0.1_d3-selection@3.0.0
    dev: false

  registry.npmjs.org/d3/7.8.2:
    resolution: {integrity: sha512-WXty7qOGSHb7HR7CfOzwN1Gw04MUOzN8qh9ZUsvwycIMb4DYMpY9xczZ6jUorGtO6bR9BPMPaueIKwiDxu9uiQ==, registry: https://node.bit.dev/, tarball: https://registry.npmjs.org/d3/-/d3-7.8.2.tgz}
    name: d3
    version: 7.8.2
    engines: {node: '>=12'}
    dependencies:
      d3-array: registry.npmjs.org/d3-array/3.2.2
      d3-axis: registry.npmjs.org/d3-axis/3.0.0
      d3-brush: registry.npmjs.org/d3-brush/3.0.0
      d3-chord: registry.npmjs.org/d3-chord/3.0.1
      d3-color: registry.npmjs.org/d3-color/3.1.0
      d3-contour: registry.npmjs.org/d3-contour/4.0.2
      d3-delaunay: registry.npmjs.org/d3-delaunay/6.0.2
      d3-dispatch: registry.npmjs.org/d3-dispatch/3.0.1
      d3-drag: registry.npmjs.org/d3-drag/3.0.0
      d3-dsv: registry.npmjs.org/d3-dsv/3.0.1
      d3-ease: registry.npmjs.org/d3-ease/3.0.1
      d3-fetch: registry.npmjs.org/d3-fetch/3.0.1
      d3-force: registry.npmjs.org/d3-force/3.0.0
      d3-format: registry.npmjs.org/d3-format/3.1.0
      d3-geo: registry.npmjs.org/d3-geo/3.1.0
      d3-hierarchy: registry.npmjs.org/d3-hierarchy/3.1.2
      d3-interpolate: registry.npmjs.org/d3-interpolate/3.0.1
      d3-path: registry.npmjs.org/d3-path/3.1.0
      d3-polygon: registry.npmjs.org/d3-polygon/3.0.1
      d3-quadtree: registry.npmjs.org/d3-quadtree/3.0.1
      d3-random: registry.npmjs.org/d3-random/3.0.1
      d3-scale: registry.npmjs.org/d3-scale/4.0.2
      d3-scale-chromatic: registry.npmjs.org/d3-scale-chromatic/3.0.0
      d3-selection: registry.npmjs.org/d3-selection/3.0.0
      d3-shape: registry.npmjs.org/d3-shape/3.2.0
      d3-time: registry.npmjs.org/d3-time/3.1.0
      d3-time-format: registry.npmjs.org/d3-time-format/4.1.0
      d3-timer: registry.npmjs.org/d3-timer/3.0.1
      d3-transition: registry.npmjs.org/d3-transition/3.0.1_d3-selection@3.0.0
      d3-zoom: registry.npmjs.org/d3-zoom/3.0.0
    dev: false

  registry.npmjs.org/delaunator/5.0.0:
    resolution: {integrity: sha512-AyLvtyJdbv/U1GkiS6gUUzclRoAY4Gs75qkMygJJhU75LW4DNuSF2RMzpxs9jw9Oz1BobHjTdkG3zdP55VxAqw==, registry: https://node.bit.dev/, tarball: https://registry.npmjs.org/delaunator/-/delaunator-5.0.0.tgz}
    name: delaunator
    version: 5.0.0
    dependencies:
      robust-predicates: registry.npmjs.org/robust-predicates/3.0.1
    dev: false

  registry.npmjs.org/diff-sequences/26.6.2:
    resolution: {integrity: sha512-Mv/TDa3nZ9sbc5soK+OoA74BsS3mL37yixCvUAQkiuA4Wz6YtwP/K47n2rv2ovzHZvoiQeA5FTQOschKkEwB0Q==, registry: https://node.bit.dev/, tarball: https://registry.npmjs.org/diff-sequences/-/diff-sequences-26.6.2.tgz}
    name: diff-sequences
    version: 26.6.2
    engines: {node: '>= 10.14.2'}
    dev: true

  registry.npmjs.org/has-flag/4.0.0:
    resolution: {integrity: sha512-EykJT/Q1KjTWctppgIAgfSO0tKVuZUjhgMr17kqTumMl6Afv3EISleU7qZUzoXDFTAHTDC4NOoG/ZxU3EvlMPQ==, registry: https://node.bit.dev/, tarball: https://registry.npmjs.org/has-flag/-/has-flag-4.0.0.tgz}
    name: has-flag
    version: 4.0.0
    engines: {node: '>=8'}
    dev: true

  registry.npmjs.org/iconv-lite/0.6.3:
    resolution: {integrity: sha512-4fCk79wshMdzMp2rH06qWrJE4iolqLhCUH+OiuIgU++RB0+94NlDL81atO7GX55uUKueo0txHNtvEyI6D7WdMw==, registry: https://node.bit.dev/, tarball: https://registry.npmjs.org/iconv-lite/-/iconv-lite-0.6.3.tgz}
    name: iconv-lite
    version: 0.6.3
    engines: {node: '>=0.10.0'}
    dependencies:
      safer-buffer: registry.npmjs.org/safer-buffer/2.1.2
    dev: false

  registry.npmjs.org/internmap/2.0.3:
    resolution: {integrity: sha512-5Hh7Y1wQbvY5ooGgPbDaL5iYLAPzMTUrjMulskHLH6wnv/A+1q5rgEaiuqEjB+oxGXIVZs1FF+R/KPN3ZSQYYg==, registry: https://node.bit.dev/, tarball: https://registry.npmjs.org/internmap/-/internmap-2.0.3.tgz}
    name: internmap
    version: 2.0.3
    engines: {node: '>=12'}
    dev: false

  registry.npmjs.org/jest-diff/26.6.2:
    resolution: {integrity: sha512-6m+9Z3Gv9wN0WFVasqjCL/06+EFCMTqDEUl/b87HYK2rAPTyfz4ZIuSlPhY51PIQRWx5TaxeF1qmXKe9gfN3sA==, registry: https://node.bit.dev/, tarball: https://registry.npmjs.org/jest-diff/-/jest-diff-26.6.2.tgz}
    name: jest-diff
    version: 26.6.2
    engines: {node: '>= 10.14.2'}
    dependencies:
      chalk: registry.npmjs.org/chalk/4.1.2
      diff-sequences: registry.npmjs.org/diff-sequences/26.6.2
      jest-get-type: registry.npmjs.org/jest-get-type/26.3.0
      pretty-format: registry.npmjs.org/pretty-format/26.6.2
    dev: true

  registry.npmjs.org/jest-get-type/26.3.0:
    resolution: {integrity: sha512-TpfaviN1R2pQWkIihlfEanwOXK0zcxrKEE4MlU6Tn7keoXdN6/3gK/xl0yEh8DOunn5pOVGKf8hB4R9gVh04ig==, registry: https://node.bit.dev/, tarball: https://registry.npmjs.org/jest-get-type/-/jest-get-type-26.3.0.tgz}
    name: jest-get-type
    version: 26.3.0
    engines: {node: '>= 10.14.2'}
    dev: true

  registry.npmjs.org/js-tokens/4.0.0:
    resolution: {integrity: sha512-RdJUflcE3cUzKiMqQgsCu06FPu9UdIJO0beYbPhHN4k6apgJtifcoCtT9bcxOpYBtpD2kCM6Sbzg4CausW/PKQ==, registry: https://node.bit.dev/, tarball: https://registry.npmjs.org/js-tokens/-/js-tokens-4.0.0.tgz}
    name: js-tokens
    version: 4.0.0

  registry.npmjs.org/loose-envify/1.4.0:
    resolution: {integrity: sha512-lyuxPGr/Wfhrlem2CL/UcnUc1zcqKAImBDzukY7Y5F/yQiNdko6+fRLevlw1HgMySw7f611UIY408EtxRSoK3Q==, registry: https://node.bit.dev/, tarball: https://registry.npmjs.org/loose-envify/-/loose-envify-1.4.0.tgz}
    name: loose-envify
    version: 1.4.0
    hasBin: true
    dependencies:
      js-tokens: registry.npmjs.org/js-tokens/4.0.0

  registry.npmjs.org/object-assign/4.1.1:
    resolution: {integrity: sha512-rJgTQnkUnH1sFw8yT6VSU3zD3sWmu6sZhIseY8VX+GRu3P6F7Fu+JNDoXfklElbLJSnc3FUQHVe4cU5hj+BcUg==, registry: https://node.bit.dev/, tarball: https://registry.npmjs.org/object-assign/-/object-assign-4.1.1.tgz}
    name: object-assign
    version: 4.1.1
    engines: {node: '>=0.10.0'}

  registry.npmjs.org/pretty-format/26.6.2:
    resolution: {integrity: sha512-7AeGuCYNGmycyQbCqd/3PWH4eOoX/OiCa0uphp57NVTeAGdJGaAliecxwBDHYQCIvrW7aDBZCYeNTP/WX69mkg==, registry: https://node.bit.dev/, tarball: https://registry.npmjs.org/pretty-format/-/pretty-format-26.6.2.tgz}
    name: pretty-format
    version: 26.6.2
    engines: {node: '>= 10'}
    dependencies:
      '@jest/types': registry.npmjs.org/@jest/types/26.6.2
      ansi-regex: registry.npmjs.org/ansi-regex/5.0.1
      ansi-styles: registry.npmjs.org/ansi-styles/4.3.0
      react-is: registry.npmjs.org/react-is/17.0.2
    dev: true

  registry.npmjs.org/react-dom/17.0.2_react@17.0.2:
    resolution: {integrity: sha512-s4h96KtLDUQlsENhMn1ar8t2bEa+q/YAtj8pPPdIjPDGBDIVNsrD9aXNWqspUe6AzKCIG0C1HZZLqLV7qpOBGA==, registry: https://node.bit.dev/, tarball: https://registry.npmjs.org/react-dom/-/react-dom-17.0.2.tgz}
    id: registry.npmjs.org/react-dom/17.0.2
    name: react-dom
    version: 17.0.2
    peerDependencies:
      react: '*'
    peerDependenciesMeta:
      react:
        optional: true
    dependencies:
      loose-envify: registry.npmjs.org/loose-envify/1.4.0
      object-assign: registry.npmjs.org/object-assign/4.1.1
      react: registry.npmjs.org/react/17.0.2
      scheduler: registry.npmjs.org/scheduler/0.20.2
    dev: false

  registry.npmjs.org/react-is/17.0.2:
    resolution: {integrity: sha512-w2GsyukL62IJnlaff/nRegPQR94C/XXamvMWmSHRJ4y7Ts/4ocGRmTHvOs8PSE6pB3dWOrD/nueuU5sduBsQ4w==, registry: https://node.bit.dev/, tarball: https://registry.npmjs.org/react-is/-/react-is-17.0.2.tgz}
    name: react-is
    version: 17.0.2
    dev: true

  registry.npmjs.org/react/17.0.2:
    resolution: {integrity: sha512-gnhPt75i/dq/z3/6q/0asP78D0u592D5L1pd7M8P+dck6Fu/jJeL6iVVK23fptSUZj8Vjf++7wXA8UNclGQcbA==, registry: https://node.bit.dev/, tarball: https://registry.npmjs.org/react/-/react-17.0.2.tgz}
    name: react
    version: 17.0.2
    engines: {node: '>=0.10.0'}
    dependencies:
      loose-envify: registry.npmjs.org/loose-envify/1.4.0
      object-assign: registry.npmjs.org/object-assign/4.1.1

  registry.npmjs.org/regenerator-runtime/0.13.11:
    resolution: {integrity: sha512-kY1AZVr2Ra+t+piVaJ4gxaFaReZVH40AKNo7UCX6W+dEwBo/2oZJzqfuN1qLq1oL45o56cPaTXELwrTh8Fpggg==, registry: https://node.bit.dev/, tarball: https://registry.npmjs.org/regenerator-runtime/-/regenerator-runtime-0.13.11.tgz}
    name: regenerator-runtime
    version: 0.13.11
    dev: true

  registry.npmjs.org/robust-predicates/3.0.1:
    resolution: {integrity: sha512-ndEIpszUHiG4HtDsQLeIuMvRsDnn8c8rYStabochtUeCvfuvNptb5TUbVD68LRAILPX7p9nqQGh4xJgn3EHS/g==, registry: https://node.bit.dev/, tarball: https://registry.npmjs.org/robust-predicates/-/robust-predicates-3.0.1.tgz}
    name: robust-predicates
    version: 3.0.1
    dev: false

  registry.npmjs.org/rw/1.3.3:
    resolution: {integrity: sha512-PdhdWy89SiZogBLaw42zdeqtRJ//zFd2PgQavcICDUgJT5oW10QCRKbJ6bg4r0/UY2M6BWd5tkxuGFRvCkgfHQ==, registry: https://node.bit.dev/, tarball: https://registry.npmjs.org/rw/-/rw-1.3.3.tgz}
    name: rw
    version: 1.3.3
    dev: false

  registry.npmjs.org/safer-buffer/2.1.2:
    resolution: {integrity: sha512-YZo3K82SD7Riyi0E1EQPojLz7kpepnSQI9IyPbHHg1XXXevb5dJI7tpyN2ADxGcQbHG7vcyRHk0cbwqcQriUtg==, registry: https://node.bit.dev/, tarball: https://registry.npmjs.org/safer-buffer/-/safer-buffer-2.1.2.tgz}
    name: safer-buffer
    version: 2.1.2
    dev: false

  registry.npmjs.org/scheduler/0.20.2:
    resolution: {integrity: sha512-2eWfGgAqqWFGqtdMmcL5zCMK1U8KlXv8SQFGglL3CEtd0aDVDWgeF/YoCmvln55m5zSk3J/20hTaSBeSObsQDQ==, registry: https://node.bit.dev/, tarball: https://registry.npmjs.org/scheduler/-/scheduler-0.20.2.tgz}
    name: scheduler
    version: 0.20.2
    dependencies:
      loose-envify: registry.npmjs.org/loose-envify/1.4.0
      object-assign: registry.npmjs.org/object-assign/4.1.1
    dev: false

  registry.npmjs.org/supports-color/7.2.0:
    resolution: {integrity: sha512-qpCAvRl9stuOHveKsn7HncJRvv501qIacKzQlO/+Lwxc9+0q2wLyv4Dfvt80/DPn2pqOBsJdDiogXGR9+OvwRw==, registry: https://node.bit.dev/, tarball: https://registry.npmjs.org/supports-color/-/supports-color-7.2.0.tgz}
    name: supports-color
    version: 7.2.0
    engines: {node: '>=8'}
    dependencies:
      has-flag: registry.npmjs.org/has-flag/4.0.0
    dev: true
